{
    "_meta": {
        "hash": {
            "sha256": "c6dc82a9b6875ad79d097bd10e01b63478e3e9384c6b7870b3ab0267993af61f"
        },
        "host-environment-markers": {
            "implementation_name": "cpython",
            "implementation_version": "0",
            "os_name": "posix",
            "platform_machine": "x86_64",
            "platform_python_implementation": "CPython",
            "platform_release": "4.4.0-104-generic",
            "platform_system": "Linux",
            "platform_version": "#127-Ubuntu SMP Mon Dec 11 12:16:42 UTC 2017",
            "python_full_version": "2.7.12",
            "python_version": "2.7",
            "sys_platform": "linux2"
        },
        "pipfile-spec": 6,
        "requires": {},
        "sources": [
            {
                "name": "pypi",
                "url": "https://pypi.python.org/simple",
                "verify_ssl": true
            }
        ]
    },
    "default": {
        "django": {
            "hashes": [
                "sha256:056fe5b9e1f8f7fed9bb392919d64f6b33b3a71cfb0f170a90ee277a6ed32bc2",
                "sha256:4d398c7b02761e234bbde490aea13ea94cb539ceeb72805b72303f348682f2eb"
            ],
            "version": "==1.11.12"
        },
        "djangorestframework": {
            "hashes": [
                "sha256:c375e4f95a3a64fccac412e36fb42ba36881e52313ec021ef410b40f67cddca4",
                "sha256:b6714c3e4b0f8d524f193c91ecf5f5450092c2145439ac2769711f7eba89a9d9"
            ],
            "version": "==3.8.2"
        },
        "marshmallow": {
            "hashes": [
                "sha256:8740ada95f47fa19f905772aa4932dc5512226a90c30da5672d6d6bf3dd791a7",
                "sha256:d3f31fe7be2106b1d783cbd0765ef4e1c6615505514695f33082805f929dd584"
            ],
            "version": "==2.15.0"
        },
        "pytz": {
            "hashes": [
                "sha256:65ae0c8101309c45772196b21b74c46b2e5d11b6275c45d251b150d5da334555",
                "sha256:c06425302f2cf668f1bba7a0a03f3c1d34d4ebeef2c72003da308b3947c7f749"
            ],
            "version": "==2018.4"
        },
        "schematics": {
            "hashes": [
                "sha256:d9798a9ba0e1e1f2bde4a15780baa95ed66f748fa52d22bb89893d66ad0fac55",
                "sha256:eaecac4ae5a86faa111f16befa26510bc66dc093c52df200f3aad54459e39640"
            ],
            "version": "==2.0.1"
        }
    },
    "develop": {}
}
